// !$*UTF8*$!
{
	archiveVersion = 1;
	classes = {
	};
	objectVersion = 56;
	objects = {

/* Begin PBXBuildFile section */
		76D270712A5FAD1200A56814 /* AppDelegate.swift in Sources */ = {isa = PBXBuildFile; fileRef = 76D270702A5FAD1200A56814 /* AppDelegate.swift */; };
		76D270732A5FAD1200A56814 /* SceneDelegate.swift in Sources */ = {isa = PBXBuildFile; fileRef = 76D270722A5FAD1200A56814 /* SceneDelegate.swift */; };
		76D270752A5FAD1200A56814 /* ViewController.swift in Sources */ = {isa = PBXBuildFile; fileRef = 76D270742A5FAD1200A56814 /* ViewController.swift */; };
		76D270782A5FAD1200A56814 /* Main.storyboard in Resources */ = {isa = PBXBuildFile; fileRef = 76D270762A5FAD1200A56814 /* Main.storyboard */; };
		76D2707A2A5FAD1300A56814 /* Assets.xcassets in Resources */ = {isa = PBXBuildFile; fileRef = 76D270792A5FAD1300A56814 /* Assets.xcassets */; };
		76D2707D2A5FAD1300A56814 /* LaunchScreen.storyboard in Resources */ = {isa = PBXBuildFile; fileRef = 76D2707B2A5FAD1300A56814 /* LaunchScreen.storyboard */; };
		76D270882A5FAD1300A56814 /* ToDoIOSTests.swift in Sources */ = {isa = PBXBuildFile; fileRef = 76D270872A5FAD1300A56814 /* ToDoIOSTests.swift */; };
		76D270922A5FAD1300A56814 /* ToDoIOSUITests.swift in Sources */ = {isa = PBXBuildFile; fileRef = 76D270912A5FAD1300A56814 /* ToDoIOSUITests.swift */; };
		76D270942A5FAD1300A56814 /* ToDoIOSUITestsLaunchTests.swift in Sources */ = {isa = PBXBuildFile; fileRef = 76D270932A5FAD1300A56814 /* ToDoIOSUITestsLaunchTests.swift */; };
		76D270A32A5FC30D00A56814 /* TaskDeatilsController.swift in Sources */ = {isa = PBXBuildFile; fileRef = 76D270A22A5FC30D00A56814 /* TaskDeatilsController.swift */; };
		76D270A72A5FC36000A56814 /* TaskEntryController.swift in Sources */ = {isa = PBXBuildFile; fileRef = 76D270A62A5FC36000A56814 /* TaskEntryController.swift */; };
/* End PBXBuildFile section */

/* Begin PBXContainerItemProxy section */
		76D270842A5FAD1300A56814 /* PBXContainerItemProxy */ = {
			isa = PBXContainerItemProxy;
			containerPortal = 76D270652A5FAD1200A56814 /* Project object */;
			proxyType = 1;
			remoteGlobalIDString = 76D2706C2A5FAD1200A56814;
			remoteInfo = ToDoIOS;
		};
		76D2708E2A5FAD1300A56814 /* PBXContainerItemProxy */ = {
			isa = PBXContainerItemProxy;
			containerPortal = 76D270652A5FAD1200A56814 /* Project object */;
			proxyType = 1;
			remoteGlobalIDString = 76D2706C2A5FAD1200A56814;
			remoteInfo = ToDoIOS;
		};
/* End PBXContainerItemProxy section */

/* Begin PBXFileReference section */
		76D2706D2A5FAD1200A56814 /* ToDoIOS.app */ = {isa = PBXFileReference; explicitFileType = wrapper.application; includeInIndex = 0; path = ToDoIOS.app; sourceTree = BUILT_PRODUCTS_DIR; };
		76D270702A5FAD1200A56814 /* AppDelegate.swift */ = {isa = PBXFileReference; lastKnownFileType = sourcecode.swift; path = AppDelegate.swift; sourceTree = "<group>"; };
		76D270722A5FAD1200A56814 /* SceneDelegate.swift */ = {isa = PBXFileReference; lastKnownFileType = sourcecode.swift; path = SceneDelegate.swift; sourceTree = "<group>"; };
		76D270742A5FAD1200A56814 /* ViewController.swift */ = {isa = PBXFileReference; lastKnownFileType = sourcecode.swift; path = ViewController.swift; sourceTree = "<group>"; };
		76D270772A5FAD1200A56814 /* Base */ = {isa = PBXFileReference; lastKnownFileType = file.storyboard; name = Base; path = Base.lproj/Main.storyboard; sourceTree = "<group>"; };
		76D270792A5FAD1300A56814 /* Assets.xcassets */ = {isa = PBXFileReference; lastKnownFileType = folder.assetcatalog; path = Assets.xcassets; sourceTree = "<group>"; };
		76D2707C2A5FAD1300A56814 /* Base */ = {isa = PBXFileReference; lastKnownFileType = file.storyboard; name = Base; path = Base.lproj/LaunchScreen.storyboard; sourceTree = "<group>"; };
		76D2707E2A5FAD1300A56814 /* Info.plist */ = {isa = PBXFileReference; lastKnownFileType = text.plist.xml; path = Info.plist; sourceTree = "<group>"; };
		76D270832A5FAD1300A56814 /* ToDoIOSTests.xctest */ = {isa = PBXFileReference; explicitFileType = wrapper.cfbundle; includeInIndex = 0; path = ToDoIOSTests.xctest; sourceTree = BUILT_PRODUCTS_DIR; };
		76D270872A5FAD1300A56814 /* ToDoIOSTests.swift */ = {isa = PBXFileReference; lastKnownFileType = sourcecode.swift; path = ToDoIOSTests.swift; sourceTree = "<group>"; };
		76D2708D2A5FAD1300A56814 /* ToDoIOSUITests.xctest */ = {isa = PBXFileReference; explicitFileType = wrapper.cfbundle; includeInIndex = 0; path = ToDoIOSUITests.xctest; sourceTree = BUILT_PRODUCTS_DIR; };
		76D270912A5FAD1300A56814 /* ToDoIOSUITests.swift */ = {isa = PBXFileReference; lastKnownFileType = sourcecode.swift; path = ToDoIOSUITests.swift; sourceTree = "<group>"; };
		76D270932A5FAD1300A56814 /* ToDoIOSUITestsLaunchTests.swift */ = {isa = PBXFileReference; lastKnownFileType = sourcecode.swift; path = ToDoIOSUITestsLaunchTests.swift; sourceTree = "<group>"; };
		76D270A22A5FC30D00A56814 /* TaskDeatilsController.swift */ = {isa = PBXFileReference; lastKnownFileType = sourcecode.swift; path = TaskDeatilsController.swift; sourceTree = "<group>"; };
		76D270A62A5FC36000A56814 /* TaskEntryController.swift */ = {isa = PBXFileReference; lastKnownFileType = sourcecode.swift; path = TaskEntryController.swift; sourceTree = "<group>"; };
/* End PBXFileReference section */

/* Begin PBXFrameworksBuildPhase section */
		76D2706A2A5FAD1200A56814 /* Frameworks */ = {
			isa = PBXFrameworksBuildPhase;
			buildActionMask = 2147483647;
			files = (
			);
			runOnlyForDeploymentPostprocessing = 0;
		};
		76D270802A5FAD1300A56814 /* Frameworks */ = {
			isa = PBXFrameworksBuildPhase;
			buildActionMask = 2147483647;
			files = (
			);
			runOnlyForDeploymentPostprocessing = 0;
		};
		76D2708A2A5FAD1300A56814 /* Frameworks */ = {
			isa = PBXFrameworksBuildPhase;
			buildActionMask = 2147483647;
			files = (
			);
			runOnlyForDeploymentPostprocessing = 0;
		};
/* End PBXFrameworksBuildPhase section */

/* Begin PBXGroup section */
		76D270642A5FAD1200A56814 = {
			isa = PBXGroup;
			children = (
				76D2706F2A5FAD1200A56814 /* ToDoIOS */,
				76D270862A5FAD1300A56814 /* ToDoIOSTests */,
				76D270902A5FAD1300A56814 /* ToDoIOSUITests */,
				76D2706E2A5FAD1200A56814 /* Products */,
			);
			sourceTree = "<group>";
		};
		76D2706E2A5FAD1200A56814 /* Products */ = {
			isa = PBXGroup;
			children = (
				76D2706D2A5FAD1200A56814 /* ToDoIOS.app */,
				76D270832A5FAD1300A56814 /* ToDoIOSTests.xctest */,
				76D2708D2A5FAD1300A56814 /* ToDoIOSUITests.xctest */,
			);
			name = Products;
			sourceTree = "<group>";
		};
		76D2706F2A5FAD1200A56814 /* ToDoIOS */ = {
			isa = PBXGroup;
			children = (
				76D270A42A5FC31600A56814 /* Controller */,
				76D270702A5FAD1200A56814 /* AppDelegate.swift */,
				76D270722A5FAD1200A56814 /* SceneDelegate.swift */,
				76D270762A5FAD1200A56814 /* Main.storyboard */,
				76D270792A5FAD1300A56814 /* Assets.xcassets */,
				76D2707B2A5FAD1300A56814 /* LaunchScreen.storyboard */,
				76D2707E2A5FAD1300A56814 /* Info.plist */,
			);
			path = ToDoIOS;
			sourceTree = "<group>";
		};
		76D270862A5FAD1300A56814 /* ToDoIOSTests */ = {
			isa = PBXGroup;
			children = (
				76D270872A5FAD1300A56814 /* ToDoIOSTests.swift */,
			);
			path = ToDoIOSTests;
			sourceTree = "<group>";
		};
		76D270902A5FAD1300A56814 /* ToDoIOSUITests */ = {
			isa = PBXGroup;
			children = (
				76D270912A5FAD1300A56814 /* ToDoIOSUITests.swift */,
				76D270932A5FAD1300A56814 /* ToDoIOSUITestsLaunchTests.swift */,
			);
			path = ToDoIOSUITests;
			sourceTree = "<group>";
		};
		76D270A42A5FC31600A56814 /* Controller */ = {
			isa = PBXGroup;
			children = (
				76D270A22A5FC30D00A56814 /* TaskDeatilsController.swift */,
				76D270742A5FAD1200A56814 /* ViewController.swift */,
				76D270A62A5FC36000A56814 /* TaskEntryController.swift */,
			);
			path = Controller;
			sourceTree = "<group>";
		};
/* End PBXGroup section */

/* Begin PBXNativeTarget section */
		76D2706C2A5FAD1200A56814 /* ToDoIOS */ = {
			isa = PBXNativeTarget;
			buildConfigurationList = 76D270972A5FAD1300A56814 /* Build configuration list for PBXNativeTarget "ToDoIOS" */;
			buildPhases = (
				76D270692A5FAD1200A56814 /* Sources */,
				76D2706A2A5FAD1200A56814 /* Frameworks */,
				76D2706B2A5FAD1200A56814 /* Resources */,
			);
			buildRules = (
			);
			dependencies = (
			);
			name = ToDoIOS;
			productName = ToDoIOS;
			productReference = 76D2706D2A5FAD1200A56814 /* ToDoIOS.app */;
			productType = "com.apple.product-type.application";
		};
		76D270822A5FAD1300A56814 /* ToDoIOSTests */ = {
			isa = PBXNativeTarget;
			buildConfigurationList = 76D2709A2A5FAD1300A56814 /* Build configuration list for PBXNativeTarget "ToDoIOSTests" */;
			buildPhases = (
				76D2707F2A5FAD1300A56814 /* Sources */,
				76D270802A5FAD1300A56814 /* Frameworks */,
				76D270812A5FAD1300A56814 /* Resources */,
			);
			buildRules = (
			);
			dependencies = (
				76D270852A5FAD1300A56814 /* PBXTargetDependency */,
			);
			name = ToDoIOSTests;
			productName = ToDoIOSTests;
			productReference = 76D270832A5FAD1300A56814 /* ToDoIOSTests.xctest */;
			productType = "com.apple.product-type.bundle.unit-test";
		};
		76D2708C2A5FAD1300A56814 /* ToDoIOSUITests */ = {
			isa = PBXNativeTarget;
			buildConfigurationList = 76D2709D2A5FAD1300A56814 /* Build configuration list for PBXNativeTarget "ToDoIOSUITests" */;
			buildPhases = (
				76D270892A5FAD1300A56814 /* Sources */,
				76D2708A2A5FAD1300A56814 /* Frameworks */,
				76D2708B2A5FAD1300A56814 /* Resources */,
			);
			buildRules = (
			);
			dependencies = (
				76D2708F2A5FAD1300A56814 /* PBXTargetDependency */,
			);
			name = ToDoIOSUITests;
			productName = ToDoIOSUITests;
			productReference = 76D2708D2A5FAD1300A56814 /* ToDoIOSUITests.xctest */;
			productType = "com.apple.product-type.bundle.ui-testing";
		};
/* End PBXNativeTarget section */

/* Begin PBXProject section */
		76D270652A5FAD1200A56814 /* Project object */ = {
			isa = PBXProject;
			attributes = {
				BuildIndependentTargetsInParallel = 1;
				LastSwiftUpdateCheck = 1430;
				LastUpgradeCheck = 1430;
				TargetAttributes = {
					76D2706C2A5FAD1200A56814 = {
						CreatedOnToolsVersion = 14.3.1;
					};
					76D270822A5FAD1300A56814 = {
						CreatedOnToolsVersion = 14.3.1;
						TestTargetID = 76D2706C2A5FAD1200A56814;
					};
					76D2708C2A5FAD1300A56814 = {
						CreatedOnToolsVersion = 14.3.1;
						TestTargetID = 76D2706C2A5FAD1200A56814;
					};
				};
			};
			buildConfigurationList = 76D270682A5FAD1200A56814 /* Build configuration list for PBXProject "ToDoIOS" */;
			compatibilityVersion = "Xcode 14.0";
			developmentRegion = en;
			hasScannedForEncodings = 0;
			knownRegions = (
				en,
				Base,
			);
			mainGroup = 76D270642A5FAD1200A56814;
			productRefGroup = 76D2706E2A5FAD1200A56814 /* Products */;
			projectDirPath = "";
			projectRoot = "";
			targets = (
				76D2706C2A5FAD1200A56814 /* ToDoIOS */,
				76D270822A5FAD1300A56814 /* ToDoIOSTests */,
				76D2708C2A5FAD1300A56814 /* ToDoIOSUITests */,
			);
		};
/* End PBXProject section */

/* Begin PBXResourcesBuildPhase section */
		76D2706B2A5FAD1200A56814 /* Resources */ = {
			isa = PBXResourcesBuildPhase;
			buildActionMask = 2147483647;
			files = (
				76D2707D2A5FAD1300A56814 /* LaunchScreen.storyboard in Resources */,
				76D2707A2A5FAD1300A56814 /* Assets.xcassets in Resources */,
				76D270782A5FAD1200A56814 /* Main.storyboard in Resources */,
			);
			runOnlyForDeploymentPostprocessing = 0;
		};
		76D270812A5FAD1300A56814 /* Resources */ = {
			isa = PBXResourcesBuildPhase;
			buildActionMask = 2147483647;
			files = (
			);
			runOnlyForDeploymentPostprocessing = 0;
		};
		76D2708B2A5FAD1300A56814 /* Resources */ = {
			isa = PBXResourcesBuildPhase;
			buildActionMask = 2147483647;
			files = (
			);
			runOnlyForDeploymentPostprocessing = 0;
		};
/* End PBXResourcesBuildPhase section */

/* Begin PBXSourcesBuildPhase section */
		76D270692A5FAD1200A56814 /* Sources */ = {
			isa = PBXSourcesBuildPhase;
			buildActionMask = 2147483647;
			files = (
				76D270752A5FAD1200A56814 /* ViewController.swift in Sources */,
				76D270712A5FAD1200A56814 /* AppDelegate.swift in Sources */,
				76D270732A5FAD1200A56814 /* SceneDelegate.swift in Sources */,
				76D270A72A5FC36000A56814 /* TaskEntryController.swift in Sources */,
				76D270A32A5FC30D00A56814 /* TaskDeatilsController.swift in Sources */,
			);
			runOnlyForDeploymentPostprocessing = 0;
		};
		76D2707F2A5FAD1300A56814 /* Sources */ = {
			isa = PBXSourcesBuildPhase;
			buildActionMask = 2147483647;
			files = (
				76D270882A5FAD1300A56814 /* ToDoIOSTests.swift in Sources */,
			);
			runOnlyForDeploymentPostprocessing = 0;
		};
		76D270892A5FAD1300A56814 /* Sources */ = {
			isa = PBXSourcesBuildPhase;
			buildActionMask = 2147483647;
			files = (
				76D270942A5FAD1300A56814 /* ToDoIOSUITestsLaunchTests.swift in Sources */,
				76D270922A5FAD1300A56814 /* ToDoIOSUITests.swift in Sources */,
			);
			runOnlyForDeploymentPostprocessing = 0;
		};
/* End PBXSourcesBuildPhase section */

/* Begin PBXTargetDependency section */
		76D270852A5FAD1300A56814 /* PBXTargetDependency */ = {
			isa = PBXTargetDependency;
			target = 76D2706C2A5FAD1200A56814 /* ToDoIOS */;
			targetProxy = 76D270842A5FAD1300A56814 /* PBXContainerItemProxy */;
		};
		76D2708F2A5FAD1300A56814 /* PBXTargetDependency */ = {
			isa = PBXTargetDependency;
			target = 76D2706C2A5FAD1200A56814 /* ToDoIOS */;
			targetProxy = 76D2708E2A5FAD1300A56814 /* PBXContainerItemProxy */;
		};
/* End PBXTargetDependency section */

/* Begin PBXVariantGroup section */
		76D270762A5FAD1200A56814 /* Main.storyboard */ = {
			isa = PBXVariantGroup;
			children = (
				76D270772A5FAD1200A56814 /* Base */,
			);
			name = Main.storyboard;
			sourceTree = "<group>";
		};
		76D2707B2A5FAD1300A56814 /* LaunchScreen.storyboard */ = {
			isa = PBXVariantGroup;
			children = (
				76D2707C2A5FAD1300A56814 /* Base */,
			);
			name = LaunchScreen.storyboard;
			sourceTree = "<group>";
		};
/* End PBXVariantGroup section */

/* Begin XCBuildConfiguration section */
		76D270952A5FAD1300A56814 /* Debug */ = {
			isa = XCBuildConfiguration;
			buildSettings = {
				ALWAYS_SEARCH_USER_PATHS = NO;
				CLANG_ANALYZER_NONNULL = YES;
				CLANG_ANALYZER_NUMBER_OBJECT_CONVERSION = YES_AGGRESSIVE;
				CLANG_CXX_LANGUAGE_STANDARD = "gnu++20";
				CLANG_ENABLE_MODULES = YES;
				CLANG_ENABLE_OBJC_ARC = YES;
				CLANG_ENABLE_OBJC_WEAK = YES;
				CLANG_WARN_BLOCK_CAPTURE_AUTORELEASING = YES;
				CLANG_WARN_BOOL_CONVERSION = YES;
				CLANG_WARN_COMMA = YES;
				CLANG_WARN_CONSTANT_CONVERSION = YES;
				CLANG_WARN_DEPRECATED_OBJC_IMPLEMENTATIONS = YES;
				CLANG_WARN_DIRECT_OBJC_ISA_USAGE = YES_ERROR;
				CLANG_WARN_DOCUMENTATION_COMMENTS = YES;
				CLANG_WARN_EMPTY_BODY = YES;
				CLANG_WARN_ENUM_CONVERSION = YES;
				CLANG_WARN_INFINITE_RECURSION = YES;
				CLANG_WARN_INT_CONVERSION = YES;
				CLANG_WARN_NON_LITERAL_NULL_CONVERSION = YES;
				CLANG_WARN_OBJC_IMPLICIT_RETAIN_SELF = YES;
				CLANG_WARN_OBJC_LITERAL_CONVERSION = YES;
				CLANG_WARN_OBJC_ROOT_CLASS = YES_ERROR;
				CLANG_WARN_QUOTED_INCLUDE_IN_FRAMEWORK_HEADER = YES;
				CLANG_WARN_RANGE_LOOP_ANALYSIS = YES;
				CLANG_WARN_STRICT_PROTOTYPES = YES;
				CLANG_WARN_SUSPICIOUS_MOVE = YES;
				CLANG_WARN_UNGUARDED_AVAILABILITY = YES_AGGRESSIVE;
				CLANG_WARN_UNREACHABLE_CODE = YES;
				CLANG_WARN__DUPLICATE_METHOD_MATCH = YES;
				COPY_PHASE_STRIP = NO;
				DEBUG_INFORMATION_FORMAT = dwarf;
				ENABLE_STRICT_OBJC_MSGSEND = YES;
				ENABLE_TESTABILITY = YES;
				GCC_C_LANGUAGE_STANDARD = gnu11;
				GCC_DYNAMIC_NO_PIC = NO;
				GCC_NO_COMMON_BLOCKS = YES;
				GCC_OPTIMIZATION_LEVEL = 0;
				GCC_PREPROCESSOR_DEFINITIONS = (
					"DEBUG=1",
					"$(inherited)",
				);
				GCC_WARN_64_TO_32_BIT_CONVERSION = YES;
				GCC_WARN_ABOUT_RETURN_TYPE = YES_ERROR;
				GCC_WARN_UNDECLARED_SELECTOR = YES;
				GCC_WARN_UNINITIALIZED_AUTOS = YES_AGGRESSIVE;
				GCC_WARN_UNUSED_FUNCTION = YES;
				GCC_WARN_UNUSED_VARIABLE = YES;
				IPHONEOS_DEPLOYMENT_TARGET = 16.4;
				MTL_ENABLE_DEBUG_INFO = INCLUDE_SOURCE;
				MTL_FAST_MATH = YES;
				ONLY_ACTIVE_ARCH = YES;
				SDKROOT = iphoneos;
				SWIFT_ACTIVE_COMPILATION_CONDITIONS = DEBUG;
				SWIFT_OPTIMIZATION_LEVEL = "-Onone";
			};
			name = Debug;
		};
		76D270962A5FAD1300A56814 /* Release */ = {
			isa = XCBuildConfiguration;
			buildSettings = {
				ALWAYS_SEARCH_USER_PATHS = NO;
				CLANG_ANALYZER_NONNULL = YES;
				CLANG_ANALYZER_NUMBER_OBJECT_CONVERSION = YES_AGGRESSIVE;
				CLANG_CXX_LANGUAGE_STANDARD = "gnu++20";
				CLANG_ENABLE_MODULES = YES;
				CLANG_ENABLE_OBJC_ARC = YES;
				CLANG_ENABLE_OBJC_WEAK = YES;
				CLANG_WARN_BLOCK_CAPTURE_AUTORELEASING = YES;
				CLANG_WARN_BOOL_CONVERSION = YES;
				CLANG_WARN_COMMA = YES;
				CLANG_WARN_CONSTANT_CONVERSION = YES;
				CLANG_WARN_DEPRECATED_OBJC_IMPLEMENTATIONS = YES;
				CLANG_WARN_DIRECT_OBJC_ISA_USAGE = YES_ERROR;
				CLANG_WARN_DOCUMENTATION_COMMENTS = YES;
				CLANG_WARN_EMPTY_BODY = YES;
				CLANG_WARN_ENUM_CONVERSION = YES;
				CLANG_WARN_INFINITE_RECURSION = YES;
				CLANG_WARN_INT_CONVERSION = YES;
				CLANG_WARN_NON_LITERAL_NULL_CONVERSION = YES;
				CLANG_WARN_OBJC_IMPLICIT_RETAIN_SELF = YES;
				CLANG_WARN_OBJC_LITERAL_CONVERSION = YES;
				CLANG_WARN_OBJC_ROOT_CLASS = YES_ERROR;
				CLANG_WARN_QUOTED_INCLUDE_IN_FRAMEWORK_HEADER = YES;
				CLANG_WARN_RANGE_LOOP_ANALYSIS = YES;
				CLANG_WARN_STRICT_PROTOTYPES = YES;
				CLANG_WARN_SUSPICIOUS_MOVE = YES;
				CLANG_WARN_UNGUARDED_AVAILABILITY = YES_AGGRESSIVE;
				CLANG_WARN_UNREACHABLE_CODE = YES;
				CLANG_WARN__DUPLICATE_METHOD_MATCH = YES;
				COPY_PHASE_STRIP = NO;
				DEBUG_INFORMATION_FORMAT = "dwarf-with-dsym";
				ENABLE_NS_ASSERTIONS = NO;
				ENABLE_STRICT_OBJC_MSGSEND = YES;
				GCC_C_LANGUAGE_STANDARD = gnu11;
				GCC_NO_COMMON_BLOCKS = YES;
				GCC_WARN_64_TO_32_BIT_CONVERSION = YES;
				GCC_WARN_ABOUT_RETURN_TYPE = YES_ERROR;
				GCC_WARN_UNDECLARED_SELECTOR = YES;
				GCC_WARN_UNINITIALIZED_AUTOS = YES_AGGRESSIVE;
				GCC_WARN_UNUSED_FUNCTION = YES;
				GCC_WARN_UNUSED_VARIABLE = YES;
				IPHONEOS_DEPLOYMENT_TARGET = 16.4;
				MTL_ENABLE_DEBUG_INFO = NO;
				MTL_FAST_MATH = YES;
				SDKROOT = iphoneos;
				SWIFT_COMPILATION_MODE = wholemodule;
				SWIFT_OPTIMIZATION_LEVEL = "-O";
				VALIDATE_PRODUCT = YES;
			};
			name = Release;
		};
		76D270982A5FAD1300A56814 /* Debug */ = {
			isa = XCBuildConfiguration;
			buildSettings = {
				ASSETCATALOG_COMPILER_APPICON_NAME = AppIcon;
				ASSETCATALOG_COMPILER_GLOBAL_ACCENT_COLOR_NAME = AccentColor;
				CODE_SIGN_STYLE = Automatic;
				CURRENT_PROJECT_VERSION = 1;
				DEVELOPMENT_TEAM = 2A3Q7XBRAK;
				GENERATE_INFOPLIST_FILE = YES;
				INFOPLIST_FILE = ToDoIOS/Info.plist;
				INFOPLIST_KEY_UIApplicationSupportsIndirectInputEvents = YES;
				INFOPLIST_KEY_UILaunchStoryboardName = LaunchScreen;
				INFOPLIST_KEY_UIMainStoryboardFile = Main;
				INFOPLIST_KEY_UISupportedInterfaceOrientations_iPad = "UIInterfaceOrientationPortrait UIInterfaceOrientationPortraitUpsideDown UIInterfaceOrientationLandscapeLeft UIInterfaceOrientationLandscapeRight";
				INFOPLIST_KEY_UISupportedInterfaceOrientations_iPhone = "UIInterfaceOrientationPortrait UIInterfaceOrientationLandscapeLeft UIInterfaceOrientationLandscapeRight";
				LD_RUNPATH_SEARCH_PATHS = (
					"$(inherited)",
					"@executable_path/Frameworks",
				);
				MARKETING_VERSION = 1.0;
				PRODUCT_BUNDLE_IDENTIFIER = com.remon.ToDoIOS;
				PRODUCT_NAME = "$(TARGET_NAME)";
				SWIFT_EMIT_LOC_STRINGS = YES;
				SWIFT_VERSION = 5.0;
				TARGETED_DEVICE_FAMILY = "1,2";
			};
			name = Debug;
		};
		76D270992A5FAD1300A56814 /* Release */ = {
			isa = XCBuildConfiguration;
			buildSettings = {
				ASSETCATALOG_COMPILER_APPICON_NAME = AppIcon;
				ASSETCATALOG_COMPILER_GLOBAL_ACCENT_COLOR_NAME = AccentColor;
				CODE_SIGN_STYLE = Automatic;
				CURRENT_PROJECT_VERSION = 1;
				DEVELOPMENT_TEAM = 2A3Q7XBRAK;
				GENERATE_INFOPLIST_FILE = YES;
				INFOPLIST_FILE = ToDoIOS/Info.plist;
				INFOPLIST_KEY_UIApplicationSupportsIndirectInputEvents = YES;
				INFOPLIST_KEY_UILaunchStoryboardName = LaunchScreen;
				INFOPLIST_KEY_UIMainStoryboardFile = Main;
				INFOPLIST_KEY_UISupportedInterfaceOrientations_iPad = "UIInterfaceOrientationPortrait UIInterfaceOrientationPortraitUpsideDown UIInterfaceOrientationLandscapeLeft UIInterfaceOrientationLandscapeRight";
				INFOPLIST_KEY_UISupportedInterfaceOrientations_iPhone = "UIInterfaceOrientationPortrait UIInterfaceOrientationLandscapeLeft UIInterfaceOrientationLandscapeRight";
				LD_RUNPATH_SEARCH_PATHS = (
					"$(inherited)",
					"@executable_path/Frameworks",
				);
				MARKETING_VERSION = 1.0;
				PRODUCT_BUNDLE_IDENTIFIER = com.remon.ToDoIOS;
				PRODUCT_NAME = "$(TARGET_NAME)";
				SWIFT_EMIT_LOC_STRINGS = YES;
				SWIFT_VERSION = 5.0;
				TARGETED_DEVICE_FAMILY = "1,2";
			};
			name = Release;
		};
		76D2709B2A5FAD1300A56814 /* Debug */ = {
			isa = XCBuildConfiguration;
			buildSettings = {
				ALWAYS_EMBED_SWIFT_STANDARD_LIBRARIES = YES;
				BUNDLE_LOADER = "$(TEST_HOST)";
				CODE_SIGN_STYLE = Automatic;
				CURRENT_PROJECT_VERSION = 1;
				DEVELOPMENT_TEAM = 2A3Q7XBRAK;
				GENERATE_INFOPLIST_FILE = YES;
				IPHONEOS_DEPLOYMENT_TARGET = 16.4;
				MARKETING_VERSION = 1.0;
				PRODUCT_BUNDLE_IDENTIFIER = com.remon.ToDoIOSTests;
				PRODUCT_NAME = "$(TARGET_NAME)";
				SWIFT_EMIT_LOC_STRINGS = NO;
				SWIFT_VERSION = 5.0;
				TARGETED_DEVICE_FAMILY = "1,2";
				TEST_HOST = "$(BUILT_PRODUCTS_DIR)/ToDoIOS.app/$(BUNDLE_EXECUTABLE_FOLDER_PATH)/ToDoIOS";
			};
			name = Debug;
		};
		76D2709C2A5FAD1300A56814 /* Release */ = {
			isa = XCBuildConfiguration;
			buildSettings = {
				ALWAYS_EMBED_SWIFT_STANDARD_LIBRARIES = YES;
				BUNDLE_LOADER = "$(TEST_HOST)";
				CODE_SIGN_STYLE = Automatic;
				CURRENT_PROJECT_VERSION = 1;
				DEVELOPMENT_TEAM = 2A3Q7XBRAK;
				GENERATE_INFOPLIST_FILE = YES;
				IPHONEOS_DEPLOYMENT_TARGET = 16.4;
				MARKETING_VERSION = 1.0;
				PRODUCT_BUNDLE_IDENTIFIER = com.remon.ToDoIOSTests;
				PRODUCT_NAME = "$(TARGET_NAME)";
				SWIFT_EMIT_LOC_STRINGS = NO;
				SWIFT_VERSION = 5.0;
				TARGETED_DEVICE_FAMILY = "1,2";
				TEST_HOST = "$(BUILT_PRODUCTS_DIR)/ToDoIOS.app/$(BUNDLE_EXECUTABLE_FOLDER_PATH)/ToDoIOS";
			};
			name = Release;
		};
		76D2709E2A5FAD1300A56814 /* Debug */ = {
			isa = XCBuildConfiguration;
			buildSettings = {
				ALWAYS_EMBED_SWIFT_STANDARD_LIBRARIES = YES;
				CODE_SIGN_STYLE = Automatic;
				CURRENT_PROJECT_VERSION = 1;
				DEVELOPMENT_TEAM = 2A3Q7XBRAK;
				GENERATE_INFOPLIST_FILE = YES;
				MARKETING_VERSION = 1.0;
				PRODUCT_BUNDLE_IDENTIFIER = com.remon.ToDoIOSUITests;
				PRODUCT_NAME = "$(TARGET_NAME)";
				SWIFT_EMIT_LOC_STRINGS = NO;
				SWIFT_VERSION = 5.0;
				TARGETED_DEVICE_FAMILY = "1,2";
				TEST_TARGET_NAME = ToDoIOS;
			};
			name = Debug;
		};
		76D2709F2A5FAD1300A56814 /* Release */ = {
			isa = XCBuildConfiguration;
			buildSettings = {
				ALWAYS_EMBED_SWIFT_STANDARD_LIBRARIES = YES;
				CODE_SIGN_STYLE = Automatic;
				CURRENT_PROJECT_VERSION = 1;
				DEVELOPMENT_TEAM = 2A3Q7XBRAK;
				GENERATE_INFOPLIST_FILE = YES;
				MARKETING_VERSION = 1.0;
				PRODUCT_BUNDLE_IDENTIFIER = com.remon.ToDoIOSUITests;
				PRODUCT_NAME = "$(TARGET_NAME)";
				SWIFT_EMIT_LOC_STRINGS = NO;
				SWIFT_VERSION = 5.0;
				TARGETED_DEVICE_FAMILY = "1,2";
				TEST_TARGET_NAME = ToDoIOS;
			};
			name = Release;
		};
/* End XCBuildConfiguration section */

/* Begin XCConfigurationList section */
		76D270682A5FAD1200A56814 /* Build configuration list for PBXProject "ToDoIOS" */ = {
			isa = XCConfigurationList;
			buildConfigurations = (
				76D270952A5FAD1300A56814 /* Debug */,
				76D270962A5FAD1300A56814 /* Release */,
			);
			defaultConfigurationIsVisible = 0;
			defaultConfigurationName = Release;
		};
		76D270972A5FAD1300A56814 /* Build configuration list for PBXNativeTarget "ToDoIOS" */ = {
			isa = XCConfigurationList;
			buildConfigurations = (
				76D270982A5FAD1300A56814 /* Debug */,
				76D270992A5FAD1300A56814 /* Release */,
			);
			defaultConfigurationIsVisible = 0;
			defaultConfigurationName = Release;
		};
		76D2709A2A5FAD1300A56814 /* Build configuration list for PBXNativeTarget "ToDoIOSTests" */ = {
			isa = XCConfigurationList;
			buildConfigurations = (
				76D2709B2A5FAD1300A56814 /* Debug */,
				76D2709C2A5FAD1300A56814 /* Release */,
			);
			defaultConfigurationIsVisible = 0;
			defaultConfigurationName = Release;
		};
		76D2709D2A5FAD1300A56814 /* Build configuration list for PBXNativeTarget "ToDoIOSUITests" */ = {
			isa = XCConfigurationList;
			buildConfigurations = (
				76D2709E2A5FAD1300A56814 /* Debug */,
				76D2709F2A5FAD1300A56814 /* Release */,
			);
			defaultConfigurationIsVisible = 0;
			defaultConfigurationName = Release;
		};
/* End XCConfigurationList section */
	};
	rootObject = 76D270652A5FAD1200A56814 /* Project object */;
}
